
Microsoft Visual Studio Solution File, Format Version 12.00
# Visual Studio Version 16
VisualStudioVersion = 16.0.31112.23
MinimumVisualStudioVersion = 10.0.40219.1
Project("{9A19103F-16F7-4668-BE54-9A1E7A4F7556}") = "DocumentManager.Api", "DocumentManager\DocumentManager.Api.csproj", "{DE093DF8-5329-4A6D-A165-2EF8D5F95A02}"
EndProject
Project("{9A19103F-16F7-4668-BE54-9A1E7A4F7556}") = "DocumentManager.Domain", "DocumentManager.Domain\DocumentManager.Domain.csproj", "{83825EB7-157C-413D-95B1-B7D5B6A4FB04}"
EndProject
Project("{9A19103F-16F7-4668-BE54-9A1E7A4F7556}") = "DocumentManager.Infrastructure", "DocumentManager.Infrastructure\DocumentManager.Infrastructure.csproj", "{128E0A10-12CE-4E03-936C-8E6AF22FF42F}"
EndProject
Project("{FAE04EC0-301F-11D3-BF4B-00C04F79EFBC}") = "DocumentManager.Service.Reader", "DocumentManager.Service.Reader\DocumentManager.Service.Reader.csproj", "{1EE37536-FA7A-4D39-AD85-32D79F80B8C8}"
EndProject
Project("{FAE04EC0-301F-11D3-BF4B-00C04F79EFBC}") = "DocumentManager.Service.Host", "DocumentManager.Service.Host\DocumentManager.Service.Host.csproj", "{AB9D4C75-52E7-42ED-BE80-7777F3AED503}"
EndProject
Global
	GlobalSection(SolutionConfigurationPlatforms) = preSolution
		Debug|Any CPU = Debug|Any CPU
		Release|Any CPU = Release|Any CPU
	EndGlobalSection
	GlobalSection(ProjectConfigurationPlatforms) = postSolution
		{DE093DF8-5329-4A6D-A165-2EF8D5F95A02}.Debug|Any CPU.ActiveCfg = Debug|Any CPU
		{DE093DF8-5329-4A6D-A165-2EF8D5F95A02}.Debug|Any CPU.Build.0 = Debug|Any CPU
		{DE093DF8-5329-4A6D-A165-2EF8D5F95A02}.Release|Any CPU.ActiveCfg = Release|Any CPU
		{DE093DF8-5329-4A6D-A165-2EF8D5F95A02}.Release|Any CPU.Build.0 = Release|Any CPU
		{83825EB7-157C-413D-95B1-B7D5B6A4FB04}.Debug|Any CPU.ActiveCfg = Debug|Any CPU
		{83825EB7-157C-413D-95B1-B7D5B6A4FB04}.Debug|Any CPU.Build.0 = Debug|Any CPU
		{83825EB7-157C-413D-95B1-B7D5B6A4FB04}.Release|Any CPU.ActiveCfg = Release|Any CPU
		{83825EB7-157C-413D-95B1-B7D5B6A4FB04}.Release|Any CPU.Build.0 = Release|Any CPU
		{128E0A10-12CE-4E03-936C-8E6AF22FF42F}.Debug|Any CPU.ActiveCfg = Debug|Any CPU
		{128E0A10-12CE-4E03-936C-8E6AF22FF42F}.Debug|Any CPU.Build.0 = Debug|Any CPU
		{128E0A10-12CE-4E03-936C-8E6AF22FF42F}.Release|Any CPU.ActiveCfg = Release|Any CPU
		{128E0A10-12CE-4E03-936C-8E6AF22FF42F}.Release|Any CPU.Build.0 = Release|Any CPU
		{1EE37536-FA7A-4D39-AD85-32D79F80B8C8}.Debug|Any CPU.ActiveCfg = Debug|Any CPU
		{1EE37536-FA7A-4D39-AD85-32D79F80B8C8}.Debug|Any CPU.Build.0 = Debug|Any CPU
		{1EE37536-FA7A-4D39-AD85-32D79F80B8C8}.Release|Any CPU.ActiveCfg = Release|Any CPU
		{1EE37536-FA7A-4D39-AD85-32D79F80B8C8}.Release|Any CPU.Build.0 = Release|Any CPU
		{AB9D4C75-52E7-42ED-BE80-7777F3AED503}.Debug|Any CPU.ActiveCfg = Debug|Any CPU
		{AB9D4C75-52E7-42ED-BE80-7777F3AED503}.Debug|Any CPU.Build.0 = Debug|Any CPU
		{AB9D4C75-52E7-42ED-BE80-7777F3AED503}.Release|Any CPU.ActiveCfg = Release|Any CPU
		{AB9D4C75-52E7-42ED-BE80-7777F3AED503}.Release|Any CPU.Build.0 = Release|Any CPU
	EndGlobalSection
	GlobalSection(SolutionProperties) = preSolution
		HideSolutionNode = FALSE
	EndGlobalSection
	GlobalSection(ExtensibilityGlobals) = postSolution
		SolutionGuid = {124385DD-1D0F-4E7D-B440-7A1295EDB2D9}
	EndGlobalSection
EndGlobal
