
Microsoft Visual Studio Solution File, Format Version 12.00
# Visual Studio Version 16
VisualStudioVersion = 16.0.31112.23
MinimumVisualStudioVersion = 10.0.40219.1
Project("{FAE04EC0-301F-11D3-BF4B-00C04F79EFBC}") = "DocumentManager.Api", "DocumentManager\DocumentManager.Api.csproj", "{DE093DF8-5329-4A6D-A165-2EF8D5F95A02}"
EndProject
Project("{FAE04EC0-301F-11D3-BF4B-00C04F79EFBC}") = "DocumentManager.Domain", "DocumentManager.Domain\DocumentManager.Domain.csproj", "{83825EB7-157C-413D-95B1-B7D5B6A4FB04}"
EndProject
Project("{FAE04EC0-301F-11D3-BF4B-00C04F79EFBC}") = "DocumentManager.Infrastructure", "DocumentManager.Infrastructure\DocumentManager.Infrastructure.csproj", "{128E0A10-12CE-4E03-936C-8E6AF22FF42F}"
EndProject
Global
	GlobalSection(SolutionConfigurationPlatforms) = preSolution
		Debug|Any CPU = Debug|Any CPU
		Release|Any CPU = Release|Any CPU
	EndGlobalSection
	GlobalSection(ProjectConfigurationPlatforms) = postSolution
		{DE093DF8-5329-4A6D-A165-2EF8D5F95A02}.Debug|Any CPU.ActiveCfg = Debug|Any CPU
		{DE093DF8-5329-4A6D-A165-2EF8D5F95A02}.Debug|Any CPU.Build.0 = Debug|Any CPU
		{DE093DF8-5329-4A6D-A165-2EF8D5F95A02}.Release|Any CPU.ActiveCfg = Release|Any CPU
		{DE093DF8-5329-4A6D-A165-2EF8D5F95A02}.Release|Any CPU.Build.0 = Release|Any CPU
		{83825EB7-157C-413D-95B1-B7D5B6A4FB04}.Debug|Any CPU.ActiveCfg = Debug|Any CPU
		{83825EB7-157C-413D-95B1-B7D5B6A4FB04}.Debug|Any CPU.Build.0 = Debug|Any CPU
		{83825EB7-157C-413D-95B1-B7D5B6A4FB04}.Release|Any CPU.ActiveCfg = Release|Any CPU
		{83825EB7-157C-413D-95B1-B7D5B6A4FB04}.Release|Any CPU.Build.0 = Release|Any CPU
		{128E0A10-12CE-4E03-936C-8E6AF22FF42F}.Debug|Any CPU.ActiveCfg = Debug|Any CPU
		{128E0A10-12CE-4E03-936C-8E6AF22FF42F}.Debug|Any CPU.Build.0 = Debug|Any CPU
		{128E0A10-12CE-4E03-936C-8E6AF22FF42F}.Release|Any CPU.ActiveCfg = Release|Any CPU
		{128E0A10-12CE-4E03-936C-8E6AF22FF42F}.Release|Any CPU.Build.0 = Release|Any CPU
	EndGlobalSection
	GlobalSection(SolutionProperties) = preSolution
		HideSolutionNode = FALSE
	EndGlobalSection
	GlobalSection(ExtensibilityGlobals) = postSolution
		SolutionGuid = {124385DD-1D0F-4E7D-B440-7A1295EDB2D9}
	EndGlobalSection
EndGlobal
